
Microsoft Visual Studio Solution File, Format Version 12.00
# Visual Studio Version 17
VisualStudioVersion = 17.0.32112.339
MinimumVisualStudioVersion = 10.0.40219.1
Project("{FAE04EC0-301F-11D3-BF4B-00C04F79EFBC}") = "Sem-DI", "Sem-DI\Sem-DI.csproj", "{5B0A56CF-DB19-4D5F-9182-0DDCB03192E7}"
EndProject
Global
	GlobalSection(SolutionConfigurationPlatforms) = preSolution
		Debug|Any CPU = Debug|Any CPU
		Release|Any CPU = Release|Any CPU
	EndGlobalSection
	GlobalSection(ProjectConfigurationPlatforms) = postSolution
		{5B0A56CF-DB19-4D5F-9182-0DDCB03192E7}.Debug|Any CPU.ActiveCfg = Debug|Any CPU
		{5B0A56CF-DB19-4D5F-9182-0DDCB03192E7}.Debug|Any CPU.Build.0 = Debug|Any CPU
		{5B0A56CF-DB19-4D5F-9182-0DDCB03192E7}.Release|Any CPU.ActiveCfg = Release|Any CPU
		{5B0A56CF-DB19-4D5F-9182-0DDCB03192E7}.Release|Any CPU.Build.0 = Release|Any CPU
	EndGlobalSection
	GlobalSection(SolutionProperties) = preSolution
		HideSolutionNode = FALSE
	EndGlobalSection
	GlobalSection(ExtensibilityGlobals) = postSolution
		SolutionGuid = {0996AE58-3430-4869-A812-A06976A58B46}
	EndGlobalSection
EndGlobal
